
Microsoft Visual Studio Solution File, Format Version 10.00
# Visual Studio 2008
Project("{8BC9CEB8-8B4A-11D0-8D11-00A0C91BC942}") = "TCBasic", "TCBasic.vcproj", "{5E440314-3500-437C-805C-8546342ABA5E}"
EndProject
Project("{8BC9CEB8-8B4A-11D0-8D11-00A0C91BC942}") = "TCMath", "TCMath.vcproj", "{BB2450A3-0BAC-45DA-B86A-13CD62E2512C}"
	ProjectSection(ProjectDependencies) = postProject
		{5E440314-3500-437C-805C-8546342ABA5E} = {5E440314-3500-437C-805C-8546342ABA5E}
	EndProjectSection
EndProject
Project("{8BC9CEB8-8B4A-11D0-8D11-00A0C91BC942}") = "TCNet", "TCNet.vcproj", "{9549BA58-B832-455D-82DF-DB0F4F37AB48}"
	ProjectSection(ProjectDependencies) = postProject
		{AD3AAA0A-27D8-4210-A02C-A436E3795BDE} = {AD3AAA0A-27D8-4210-A02C-A436E3795BDE}
		{5E440314-3500-437C-805C-8546342ABA5E} = {5E440314-3500-437C-805C-8546342ABA5E}
	EndProjectSection
EndProject
Project("{8BC9CEB8-8B4A-11D0-8D11-00A0C91BC942}") = "TCThread", "TCThread.vcproj", "{AD3AAA0A-27D8-4210-A02C-A436E3795BDE}"
	ProjectSection(ProjectDependencies) = postProject
		{5E440314-3500-437C-805C-8546342ABA5E} = {5E440314-3500-437C-805C-8546342ABA5E}
	EndProjectSection
EndProject
Project("{8BC9CEB8-8B4A-11D0-8D11-00A0C91BC942}") = "TCGui", "TCGui.vcproj", "{22580375-85AF-4371-A842-C4D61F6C54E0}"
	ProjectSection(ProjectDependencies) = postProject
		{5E440314-3500-437C-805C-8546342ABA5E} = {5E440314-3500-437C-805C-8546342ABA5E}
	EndProjectSection
EndProject
Project("{8BC9CEB8-8B4A-11D0-8D11-00A0C91BC942}") = "TestBasic", "TestBasic.vcproj", "{B3F9762C-2A35-470D-9040-3F3F3EBB0A61}"
	ProjectSection(ProjectDependencies) = postProject
		{AD3AAA0A-27D8-4210-A02C-A436E3795BDE} = {AD3AAA0A-27D8-4210-A02C-A436E3795BDE}
		{5E440314-3500-437C-805C-8546342ABA5E} = {5E440314-3500-437C-805C-8546342ABA5E}
		{9549BA58-B832-455D-82DF-DB0F4F37AB48} = {9549BA58-B832-455D-82DF-DB0F4F37AB48}
		{49EDE6DD-171B-48B2-9D97-C5568E698FD2} = {49EDE6DD-171B-48B2-9D97-C5568E698FD2}
	EndProjectSection
EndProject
Project("{8BC9CEB8-8B4A-11D0-8D11-00A0C91BC942}") = "TCOpenGL", "TCOpenGL.vcproj", "{FFC77444-8093-4775-99AC-5BF2A008078B}"
	ProjectSection(ProjectDependencies) = postProject
		{5E440314-3500-437C-805C-8546342ABA5E} = {5E440314-3500-437C-805C-8546342ABA5E}
		{22580375-85AF-4371-A842-C4D61F6C54E0} = {22580375-85AF-4371-A842-C4D61F6C54E0}
		{BB2450A3-0BAC-45DA-B86A-13CD62E2512C} = {BB2450A3-0BAC-45DA-B86A-13CD62E2512C}
	EndProjectSection
EndProject
Project("{8BC9CEB8-8B4A-11D0-8D11-00A0C91BC942}") = "TCAudio", "TCAudio.vcproj", "{49EDE6DD-171B-48B2-9D97-C5568E698FD2}"
	ProjectSection(ProjectDependencies) = postProject
		{AD3AAA0A-27D8-4210-A02C-A436E3795BDE} = {AD3AAA0A-27D8-4210-A02C-A436E3795BDE}
		{5E440314-3500-437C-805C-8546342ABA5E} = {5E440314-3500-437C-805C-8546342ABA5E}
	EndProjectSection
EndProject
Project("{8BC9CEB8-8B4A-11D0-8D11-00A0C91BC942}") = "TCUnitTest", "TCUnitTest.vcproj", "{05A7E6DF-B959-4014-A522-E68866A9B444}"
	ProjectSection(ProjectDependencies) = postProject
		{AD3AAA0A-27D8-4210-A02C-A436E3795BDE} = {AD3AAA0A-27D8-4210-A02C-A436E3795BDE}
		{5E440314-3500-437C-805C-8546342ABA5E} = {5E440314-3500-437C-805C-8546342ABA5E}
		{9549BA58-B832-455D-82DF-DB0F4F37AB48} = {9549BA58-B832-455D-82DF-DB0F4F37AB48}
	EndProjectSection
EndProject
Project("{8BC9CEB8-8B4A-11D0-8D11-00A0C91BC942}") = "MathSheet", "MathSheet.vcproj", "{6A9BF7E0-F6BE-4E21-B822-D370ECDD5187}"
	ProjectSection(ProjectDependencies) = postProject
		{5E440314-3500-437C-805C-8546342ABA5E} = {5E440314-3500-437C-805C-8546342ABA5E}
	EndProjectSection
EndProject
Project("{8BC9CEB8-8B4A-11D0-8D11-00A0C91BC942}") = "AudioTest", "AudioTest.vcproj", "{B9C6151A-CB5A-4537-B94F-BD91CA91C7FF}"
	ProjectSection(ProjectDependencies) = postProject
		{AD3AAA0A-27D8-4210-A02C-A436E3795BDE} = {AD3AAA0A-27D8-4210-A02C-A436E3795BDE}
		{5E440314-3500-437C-805C-8546342ABA5E} = {5E440314-3500-437C-805C-8546342ABA5E}
		{49EDE6DD-171B-48B2-9D97-C5568E698FD2} = {49EDE6DD-171B-48B2-9D97-C5568E698FD2}
	EndProjectSection
EndProject
Project("{2150E333-8FDC-42A3-9474-1A3956D46DE8}") = "Examples", "Examples", "{485ACD77-35AF-42DB-883D-023A3DBF70E8}"
EndProject
Project("{2150E333-8FDC-42A3-9474-1A3956D46DE8}") = "Tests", "Tests", "{25CA6FE7-4686-459F-A12B-6F942070AAFA}"
EndProject
Project("{8BC9CEB8-8B4A-11D0-8D11-00A0C91BC942}") = "TCUnit", "TCUnit.vcproj", "{7551F743-7E4F-4982-9C3F-446D9BCC861E}"
EndProject
Global
	GlobalSection(SolutionConfigurationPlatforms) = preSolution
		Debug|Win32 = Debug|Win32
		Debug|x64 = Debug|x64
		DebugUnitTests|Win32 = DebugUnitTests|Win32
		DebugUnitTests|x64 = DebugUnitTests|x64
		Release|Win32 = Release|Win32
		Release|x64 = Release|x64
		ReleaseUnitTests|Win32 = ReleaseUnitTests|Win32
		ReleaseUnitTests|x64 = ReleaseUnitTests|x64
	EndGlobalSection
	GlobalSection(ProjectConfigurationPlatforms) = postSolution
		{5E440314-3500-437C-805C-8546342ABA5E}.Debug|Win32.ActiveCfg = Debug|Win32
		{5E440314-3500-437C-805C-8546342ABA5E}.Debug|Win32.Build.0 = Debug|Win32
		{5E440314-3500-437C-805C-8546342ABA5E}.Debug|x64.ActiveCfg = Debug|x64
		{5E440314-3500-437C-805C-8546342ABA5E}.Debug|x64.Build.0 = Debug|x64
		{5E440314-3500-437C-805C-8546342ABA5E}.DebugUnitTests|Win32.ActiveCfg = DebugUnitTests|Win32
		{5E440314-3500-437C-805C-8546342ABA5E}.DebugUnitTests|Win32.Build.0 = DebugUnitTests|Win32
		{5E440314-3500-437C-805C-8546342ABA5E}.DebugUnitTests|x64.ActiveCfg = DebugUnitTests|x64
		{5E440314-3500-437C-805C-8546342ABA5E}.DebugUnitTests|x64.Build.0 = DebugUnitTests|x64
		{5E440314-3500-437C-805C-8546342ABA5E}.Release|Win32.ActiveCfg = Release|Win32
		{5E440314-3500-437C-805C-8546342ABA5E}.Release|Win32.Build.0 = Release|Win32
		{5E440314-3500-437C-805C-8546342ABA5E}.Release|x64.ActiveCfg = Release|x64
		{5E440314-3500-437C-805C-8546342ABA5E}.Release|x64.Build.0 = Release|x64
		{5E440314-3500-437C-805C-8546342ABA5E}.ReleaseUnitTests|Win32.ActiveCfg = ReleaseUnitTests|Win32
		{5E440314-3500-437C-805C-8546342ABA5E}.ReleaseUnitTests|Win32.Build.0 = ReleaseUnitTests|Win32
		{5E440314-3500-437C-805C-8546342ABA5E}.ReleaseUnitTests|x64.ActiveCfg = ReleaseUnitTests|x64
		{5E440314-3500-437C-805C-8546342ABA5E}.ReleaseUnitTests|x64.Build.0 = ReleaseUnitTests|x64
		{BB2450A3-0BAC-45DA-B86A-13CD62E2512C}.Debug|Win32.ActiveCfg = Debug|Win32
		{BB2450A3-0BAC-45DA-B86A-13CD62E2512C}.Debug|Win32.Build.0 = Debug|Win32
		{BB2450A3-0BAC-45DA-B86A-13CD62E2512C}.Debug|x64.ActiveCfg = Debug|x64
		{BB2450A3-0BAC-45DA-B86A-13CD62E2512C}.Debug|x64.Build.0 = Debug|x64
		{BB2450A3-0BAC-45DA-B86A-13CD62E2512C}.DebugUnitTests|Win32.ActiveCfg = DebugUnitTests|Win32
		{BB2450A3-0BAC-45DA-B86A-13CD62E2512C}.DebugUnitTests|Win32.Build.0 = DebugUnitTests|Win32
		{BB2450A3-0BAC-45DA-B86A-13CD62E2512C}.DebugUnitTests|x64.ActiveCfg = DebugUnitTests|x64
		{BB2450A3-0BAC-45DA-B86A-13CD62E2512C}.DebugUnitTests|x64.Build.0 = DebugUnitTests|x64
		{BB2450A3-0BAC-45DA-B86A-13CD62E2512C}.Release|Win32.ActiveCfg = Release|Win32
		{BB2450A3-0BAC-45DA-B86A-13CD62E2512C}.Release|Win32.Build.0 = Release|Win32
		{BB2450A3-0BAC-45DA-B86A-13CD62E2512C}.Release|x64.ActiveCfg = Release|x64
		{BB2450A3-0BAC-45DA-B86A-13CD62E2512C}.Release|x64.Build.0 = Release|x64
		{BB2450A3-0BAC-45DA-B86A-13CD62E2512C}.ReleaseUnitTests|Win32.ActiveCfg = ReleaseUnitTests|Win32
		{BB2450A3-0BAC-45DA-B86A-13CD62E2512C}.ReleaseUnitTests|Win32.Build.0 = ReleaseUnitTests|Win32
		{BB2450A3-0BAC-45DA-B86A-13CD62E2512C}.ReleaseUnitTests|x64.ActiveCfg = ReleaseUnitTests|x64
		{BB2450A3-0BAC-45DA-B86A-13CD62E2512C}.ReleaseUnitTests|x64.Build.0 = ReleaseUnitTests|x64
		{9549BA58-B832-455D-82DF-DB0F4F37AB48}.Debug|Win32.ActiveCfg = Debug|Win32
		{9549BA58-B832-455D-82DF-DB0F4F37AB48}.Debug|Win32.Build.0 = Debug|Win32
		{9549BA58-B832-455D-82DF-DB0F4F37AB48}.Debug|x64.ActiveCfg = Debug|x64
		{9549BA58-B832-455D-82DF-DB0F4F37AB48}.Debug|x64.Build.0 = Debug|x64
		{9549BA58-B832-455D-82DF-DB0F4F37AB48}.DebugUnitTests|Win32.ActiveCfg = DebugUnitTests|Win32
		{9549BA58-B832-455D-82DF-DB0F4F37AB48}.DebugUnitTests|Win32.Build.0 = DebugUnitTests|Win32
		{9549BA58-B832-455D-82DF-DB0F4F37AB48}.DebugUnitTests|x64.ActiveCfg = DebugUnitTests|x64
		{9549BA58-B832-455D-82DF-DB0F4F37AB48}.DebugUnitTests|x64.Build.0 = DebugUnitTests|x64
		{9549BA58-B832-455D-82DF-DB0F4F37AB48}.Release|Win32.ActiveCfg = Release|Win32
		{9549BA58-B832-455D-82DF-DB0F4F37AB48}.Release|Win32.Build.0 = Release|Win32
		{9549BA58-B832-455D-82DF-DB0F4F37AB48}.Release|x64.ActiveCfg = Release|x64
		{9549BA58-B832-455D-82DF-DB0F4F37AB48}.Release|x64.Build.0 = Release|x64
		{9549BA58-B832-455D-82DF-DB0F4F37AB48}.ReleaseUnitTests|Win32.ActiveCfg = ReleaseUnitTests|Win32
		{9549BA58-B832-455D-82DF-DB0F4F37AB48}.ReleaseUnitTests|Win32.Build.0 = ReleaseUnitTests|Win32
		{9549BA58-B832-455D-82DF-DB0F4F37AB48}.ReleaseUnitTests|x64.ActiveCfg = ReleaseUnitTests|x64
		{9549BA58-B832-455D-82DF-DB0F4F37AB48}.ReleaseUnitTests|x64.Build.0 = ReleaseUnitTests|x64
		{AD3AAA0A-27D8-4210-A02C-A436E3795BDE}.Debug|Win32.ActiveCfg = Debug|Win32
		{AD3AAA0A-27D8-4210-A02C-A436E3795BDE}.Debug|Win32.Build.0 = Debug|Win32
		{AD3AAA0A-27D8-4210-A02C-A436E3795BDE}.Debug|x64.ActiveCfg = Debug|x64
		{AD3AAA0A-27D8-4210-A02C-A436E3795BDE}.Debug|x64.Build.0 = Debug|x64
		{AD3AAA0A-27D8-4210-A02C-A436E3795BDE}.DebugUnitTests|Win32.ActiveCfg = DebugUnitTests|Win32
		{AD3AAA0A-27D8-4210-A02C-A436E3795BDE}.DebugUnitTests|Win32.Build.0 = DebugUnitTests|Win32
		{AD3AAA0A-27D8-4210-A02C-A436E3795BDE}.DebugUnitTests|x64.ActiveCfg = DebugUnitTests|x64
		{AD3AAA0A-27D8-4210-A02C-A436E3795BDE}.DebugUnitTests|x64.Build.0 = DebugUnitTests|x64
		{AD3AAA0A-27D8-4210-A02C-A436E3795BDE}.Release|Win32.ActiveCfg = Release|Win32
		{AD3AAA0A-27D8-4210-A02C-A436E3795BDE}.Release|Win32.Build.0 = Release|Win32
		{AD3AAA0A-27D8-4210-A02C-A436E3795BDE}.Release|x64.ActiveCfg = Release|x64
		{AD3AAA0A-27D8-4210-A02C-A436E3795BDE}.Release|x64.Build.0 = Release|x64
		{AD3AAA0A-27D8-4210-A02C-A436E3795BDE}.ReleaseUnitTests|Win32.ActiveCfg = ReleaseUnitTests|Win32
		{AD3AAA0A-27D8-4210-A02C-A436E3795BDE}.ReleaseUnitTests|Win32.Build.0 = ReleaseUnitTests|Win32
		{AD3AAA0A-27D8-4210-A02C-A436E3795BDE}.ReleaseUnitTests|x64.ActiveCfg = ReleaseUnitTests|x64
		{AD3AAA0A-27D8-4210-A02C-A436E3795BDE}.ReleaseUnitTests|x64.Build.0 = ReleaseUnitTests|x64
		{22580375-85AF-4371-A842-C4D61F6C54E0}.Debug|Win32.ActiveCfg = Debug|Win32
		{22580375-85AF-4371-A842-C4D61F6C54E0}.Debug|Win32.Build.0 = Debug|Win32
		{22580375-85AF-4371-A842-C4D61F6C54E0}.Debug|x64.ActiveCfg = Debug|x64
		{22580375-85AF-4371-A842-C4D61F6C54E0}.Debug|x64.Build.0 = Debug|x64
		{22580375-85AF-4371-A842-C4D61F6C54E0}.DebugUnitTests|Win32.ActiveCfg = DebugUnitTests|Win32
		{22580375-85AF-4371-A842-C4D61F6C54E0}.DebugUnitTests|Win32.Build.0 = DebugUnitTests|Win32
		{22580375-85AF-4371-A842-C4D61F6C54E0}.DebugUnitTests|x64.ActiveCfg = DebugUnitTests|x64
		{22580375-85AF-4371-A842-C4D61F6C54E0}.DebugUnitTests|x64.Build.0 = DebugUnitTests|x64
		{22580375-85AF-4371-A842-C4D61F6C54E0}.Release|Win32.ActiveCfg = Release|Win32
		{22580375-85AF-4371-A842-C4D61F6C54E0}.Release|Win32.Build.0 = Release|Win32
		{22580375-85AF-4371-A842-C4D61F6C54E0}.Release|x64.ActiveCfg = Release|x64
		{22580375-85AF-4371-A842-C4D61F6C54E0}.Release|x64.Build.0 = Release|x64
		{22580375-85AF-4371-A842-C4D61F6C54E0}.ReleaseUnitTests|Win32.ActiveCfg = ReleaseUnitTests|Win32
		{22580375-85AF-4371-A842-C4D61F6C54E0}.ReleaseUnitTests|Win32.Build.0 = ReleaseUnitTests|Win32
		{22580375-85AF-4371-A842-C4D61F6C54E0}.ReleaseUnitTests|x64.ActiveCfg = ReleaseUnitTests|x64
		{22580375-85AF-4371-A842-C4D61F6C54E0}.ReleaseUnitTests|x64.Build.0 = ReleaseUnitTests|x64
		{B3F9762C-2A35-470D-9040-3F3F3EBB0A61}.Debug|Win32.ActiveCfg = Debug|Win32
		{B3F9762C-2A35-470D-9040-3F3F3EBB0A61}.Debug|Win32.Build.0 = Debug|Win32
		{B3F9762C-2A35-470D-9040-3F3F3EBB0A61}.Debug|x64.ActiveCfg = Debug|x64
		{B3F9762C-2A35-470D-9040-3F3F3EBB0A61}.Debug|x64.Build.0 = Debug|x64
		{B3F9762C-2A35-470D-9040-3F3F3EBB0A61}.DebugUnitTests|Win32.ActiveCfg = DebugUnitTests|Win32
		{B3F9762C-2A35-470D-9040-3F3F3EBB0A61}.DebugUnitTests|Win32.Build.0 = DebugUnitTests|Win32
		{B3F9762C-2A35-470D-9040-3F3F3EBB0A61}.DebugUnitTests|x64.ActiveCfg = DebugUnitTests|x64
		{B3F9762C-2A35-470D-9040-3F3F3EBB0A61}.DebugUnitTests|x64.Build.0 = DebugUnitTests|x64
		{B3F9762C-2A35-470D-9040-3F3F3EBB0A61}.Release|Win32.ActiveCfg = Release|Win32
		{B3F9762C-2A35-470D-9040-3F3F3EBB0A61}.Release|Win32.Build.0 = Release|Win32
		{B3F9762C-2A35-470D-9040-3F3F3EBB0A61}.Release|x64.ActiveCfg = Release|x64
		{B3F9762C-2A35-470D-9040-3F3F3EBB0A61}.Release|x64.Build.0 = Release|x64
		{B3F9762C-2A35-470D-9040-3F3F3EBB0A61}.ReleaseUnitTests|Win32.ActiveCfg = ReleaseUnitTests|Win32
		{B3F9762C-2A35-470D-9040-3F3F3EBB0A61}.ReleaseUnitTests|Win32.Build.0 = ReleaseUnitTests|Win32
		{B3F9762C-2A35-470D-9040-3F3F3EBB0A61}.ReleaseUnitTests|x64.ActiveCfg = ReleaseUnitTests|x64
		{B3F9762C-2A35-470D-9040-3F3F3EBB0A61}.ReleaseUnitTests|x64.Build.0 = ReleaseUnitTests|x64
		{FFC77444-8093-4775-99AC-5BF2A008078B}.Debug|Win32.ActiveCfg = Debug|Win32
		{FFC77444-8093-4775-99AC-5BF2A008078B}.Debug|Win32.Build.0 = Debug|Win32
		{FFC77444-8093-4775-99AC-5BF2A008078B}.Debug|x64.ActiveCfg = Debug|x64
		{FFC77444-8093-4775-99AC-5BF2A008078B}.Debug|x64.Build.0 = Debug|x64
		{FFC77444-8093-4775-99AC-5BF2A008078B}.DebugUnitTests|Win32.ActiveCfg = DebugUnitTests|Win32
		{FFC77444-8093-4775-99AC-5BF2A008078B}.DebugUnitTests|Win32.Build.0 = DebugUnitTests|Win32
		{FFC77444-8093-4775-99AC-5BF2A008078B}.DebugUnitTests|x64.ActiveCfg = DebugUnitTests|x64
		{FFC77444-8093-4775-99AC-5BF2A008078B}.DebugUnitTests|x64.Build.0 = DebugUnitTests|x64
		{FFC77444-8093-4775-99AC-5BF2A008078B}.Release|Win32.ActiveCfg = Release|Win32
		{FFC77444-8093-4775-99AC-5BF2A008078B}.Release|Win32.Build.0 = Release|Win32
		{FFC77444-8093-4775-99AC-5BF2A008078B}.Release|x64.ActiveCfg = Release|x64
		{FFC77444-8093-4775-99AC-5BF2A008078B}.Release|x64.Build.0 = Release|x64
		{FFC77444-8093-4775-99AC-5BF2A008078B}.ReleaseUnitTests|Win32.ActiveCfg = ReleaseUnitTests|Win32
		{FFC77444-8093-4775-99AC-5BF2A008078B}.ReleaseUnitTests|Win32.Build.0 = ReleaseUnitTests|Win32
		{FFC77444-8093-4775-99AC-5BF2A008078B}.ReleaseUnitTests|x64.ActiveCfg = ReleaseUnitTests|x64
		{FFC77444-8093-4775-99AC-5BF2A008078B}.ReleaseUnitTests|x64.Build.0 = ReleaseUnitTests|x64
		{49EDE6DD-171B-48B2-9D97-C5568E698FD2}.Debug|Win32.ActiveCfg = Debug|Win32
		{49EDE6DD-171B-48B2-9D97-C5568E698FD2}.Debug|Win32.Build.0 = Debug|Win32
		{49EDE6DD-171B-48B2-9D97-C5568E698FD2}.Debug|x64.ActiveCfg = Debug|x64
		{49EDE6DD-171B-48B2-9D97-C5568E698FD2}.Debug|x64.Build.0 = Debug|x64
		{49EDE6DD-171B-48B2-9D97-C5568E698FD2}.DebugUnitTests|Win32.ActiveCfg = DebugUnitTests|Win32
		{49EDE6DD-171B-48B2-9D97-C5568E698FD2}.DebugUnitTests|Win32.Build.0 = DebugUnitTests|Win32
		{49EDE6DD-171B-48B2-9D97-C5568E698FD2}.DebugUnitTests|x64.ActiveCfg = DebugUnitTests|x64
		{49EDE6DD-171B-48B2-9D97-C5568E698FD2}.DebugUnitTests|x64.Build.0 = DebugUnitTests|x64
		{49EDE6DD-171B-48B2-9D97-C5568E698FD2}.Release|Win32.ActiveCfg = Release|Win32
		{49EDE6DD-171B-48B2-9D97-C5568E698FD2}.Release|Win32.Build.0 = Release|Win32
		{49EDE6DD-171B-48B2-9D97-C5568E698FD2}.Release|x64.ActiveCfg = Release|x64
		{49EDE6DD-171B-48B2-9D97-C5568E698FD2}.Release|x64.Build.0 = Release|x64
		{49EDE6DD-171B-48B2-9D97-C5568E698FD2}.ReleaseUnitTests|Win32.ActiveCfg = ReleaseUnitTests|Win32
		{49EDE6DD-171B-48B2-9D97-C5568E698FD2}.ReleaseUnitTests|Win32.Build.0 = ReleaseUnitTests|Win32
		{49EDE6DD-171B-48B2-9D97-C5568E698FD2}.ReleaseUnitTests|x64.ActiveCfg = ReleaseUnitTests|x64
		{49EDE6DD-171B-48B2-9D97-C5568E698FD2}.ReleaseUnitTests|x64.Build.0 = ReleaseUnitTests|x64
		{05A7E6DF-B959-4014-A522-E68866A9B444}.Debug|Win32.ActiveCfg = Debug|Win32
		{05A7E6DF-B959-4014-A522-E68866A9B444}.Debug|x64.ActiveCfg = Debug|x64
		{05A7E6DF-B959-4014-A522-E68866A9B444}.DebugUnitTests|Win32.ActiveCfg = DebugUnitTests|Win32
		{05A7E6DF-B959-4014-A522-E68866A9B444}.DebugUnitTests|Win32.Build.0 = DebugUnitTests|Win32
		{05A7E6DF-B959-4014-A522-E68866A9B444}.DebugUnitTests|x64.ActiveCfg = DebugUnitTests|x64
		{05A7E6DF-B959-4014-A522-E68866A9B444}.DebugUnitTests|x64.Build.0 = DebugUnitTests|x64
		{05A7E6DF-B959-4014-A522-E68866A9B444}.Release|Win32.ActiveCfg = Release|Win32
		{05A7E6DF-B959-4014-A522-E68866A9B444}.Release|x64.ActiveCfg = Release|x64
		{05A7E6DF-B959-4014-A522-E68866A9B444}.ReleaseUnitTests|Win32.ActiveCfg = ReleaseUnitTests|Win32
		{05A7E6DF-B959-4014-A522-E68866A9B444}.ReleaseUnitTests|Win32.Build.0 = ReleaseUnitTests|Win32
		{05A7E6DF-B959-4014-A522-E68866A9B444}.ReleaseUnitTests|x64.ActiveCfg = ReleaseUnitTests|x64
		{05A7E6DF-B959-4014-A522-E68866A9B444}.ReleaseUnitTests|x64.Build.0 = ReleaseUnitTests|x64
		{6A9BF7E0-F6BE-4E21-B822-D370ECDD5187}.Debug|Win32.ActiveCfg = Debug|Win32
		{6A9BF7E0-F6BE-4E21-B822-D370ECDD5187}.Debug|Win32.Build.0 = Debug|Win32
		{6A9BF7E0-F6BE-4E21-B822-D370ECDD5187}.Debug|x64.ActiveCfg = Debug|x64
		{6A9BF7E0-F6BE-4E21-B822-D370ECDD5187}.Debug|x64.Build.0 = Debug|x64
		{6A9BF7E0-F6BE-4E21-B822-D370ECDD5187}.DebugUnitTests|Win32.ActiveCfg = DebugUnitTests|Win32
		{6A9BF7E0-F6BE-4E21-B822-D370ECDD5187}.DebugUnitTests|Win32.Build.0 = DebugUnitTests|Win32
		{6A9BF7E0-F6BE-4E21-B822-D370ECDD5187}.DebugUnitTests|x64.ActiveCfg = DebugUnitTests|x64
		{6A9BF7E0-F6BE-4E21-B822-D370ECDD5187}.DebugUnitTests|x64.Build.0 = DebugUnitTests|x64
		{6A9BF7E0-F6BE-4E21-B822-D370ECDD5187}.Release|Win32.ActiveCfg = Release|Win32
		{6A9BF7E0-F6BE-4E21-B822-D370ECDD5187}.Release|Win32.Build.0 = Release|Win32
		{6A9BF7E0-F6BE-4E21-B822-D370ECDD5187}.Release|x64.ActiveCfg = Release|x64
		{6A9BF7E0-F6BE-4E21-B822-D370ECDD5187}.Release|x64.Build.0 = Release|x64
		{6A9BF7E0-F6BE-4E21-B822-D370ECDD5187}.ReleaseUnitTests|Win32.ActiveCfg = ReleaseUnitTests|Win32
		{6A9BF7E0-F6BE-4E21-B822-D370ECDD5187}.ReleaseUnitTests|Win32.Build.0 = ReleaseUnitTests|Win32
		{6A9BF7E0-F6BE-4E21-B822-D370ECDD5187}.ReleaseUnitTests|x64.ActiveCfg = ReleaseUnitTests|x64
		{6A9BF7E0-F6BE-4E21-B822-D370ECDD5187}.ReleaseUnitTests|x64.Build.0 = ReleaseUnitTests|x64
		{B9C6151A-CB5A-4537-B94F-BD91CA91C7FF}.Debug|Win32.ActiveCfg = Debug|Win32
		{B9C6151A-CB5A-4537-B94F-BD91CA91C7FF}.Debug|Win32.Build.0 = Debug|Win32
		{B9C6151A-CB5A-4537-B94F-BD91CA91C7FF}.Debug|x64.ActiveCfg = Debug|x64
		{B9C6151A-CB5A-4537-B94F-BD91CA91C7FF}.Debug|x64.Build.0 = Debug|x64
		{B9C6151A-CB5A-4537-B94F-BD91CA91C7FF}.DebugUnitTests|Win32.ActiveCfg = DebugUnitTests|Win32
		{B9C6151A-CB5A-4537-B94F-BD91CA91C7FF}.DebugUnitTests|Win32.Build.0 = DebugUnitTests|Win32
		{B9C6151A-CB5A-4537-B94F-BD91CA91C7FF}.DebugUnitTests|x64.ActiveCfg = DebugUnitTests|x64
		{B9C6151A-CB5A-4537-B94F-BD91CA91C7FF}.DebugUnitTests|x64.Build.0 = DebugUnitTests|x64
		{B9C6151A-CB5A-4537-B94F-BD91CA91C7FF}.Release|Win32.ActiveCfg = Release|Win32
		{B9C6151A-CB5A-4537-B94F-BD91CA91C7FF}.Release|Win32.Build.0 = Release|Win32
		{B9C6151A-CB5A-4537-B94F-BD91CA91C7FF}.Release|x64.ActiveCfg = Release|x64
		{B9C6151A-CB5A-4537-B94F-BD91CA91C7FF}.Release|x64.Build.0 = Release|x64
		{B9C6151A-CB5A-4537-B94F-BD91CA91C7FF}.ReleaseUnitTests|Win32.ActiveCfg = ReleaseUnitTests|Win32
		{B9C6151A-CB5A-4537-B94F-BD91CA91C7FF}.ReleaseUnitTests|Win32.Build.0 = ReleaseUnitTests|Win32
		{B9C6151A-CB5A-4537-B94F-BD91CA91C7FF}.ReleaseUnitTests|x64.ActiveCfg = ReleaseUnitTests|x64
		{B9C6151A-CB5A-4537-B94F-BD91CA91C7FF}.ReleaseUnitTests|x64.Build.0 = ReleaseUnitTests|x64
		{7551F743-7E4F-4982-9C3F-446D9BCC861E}.Debug|Win32.ActiveCfg = Debug|Win32
		{7551F743-7E4F-4982-9C3F-446D9BCC861E}.Debug|Win32.Build.0 = Debug|Win32
		{7551F743-7E4F-4982-9C3F-446D9BCC861E}.Debug|x64.ActiveCfg = Debug|x64
		{7551F743-7E4F-4982-9C3F-446D9BCC861E}.Debug|x64.Build.0 = Debug|x64
		{7551F743-7E4F-4982-9C3F-446D9BCC861E}.DebugUnitTests|Win32.ActiveCfg = DebugUnitTests|Win32
		{7551F743-7E4F-4982-9C3F-446D9BCC861E}.DebugUnitTests|Win32.Build.0 = DebugUnitTests|Win32
		{7551F743-7E4F-4982-9C3F-446D9BCC861E}.DebugUnitTests|x64.ActiveCfg = DebugUnitTests|x64
		{7551F743-7E4F-4982-9C3F-446D9BCC861E}.DebugUnitTests|x64.Build.0 = DebugUnitTests|x64
		{7551F743-7E4F-4982-9C3F-446D9BCC861E}.Release|Win32.ActiveCfg = Release|Win32
		{7551F743-7E4F-4982-9C3F-446D9BCC861E}.Release|Win32.Build.0 = Release|Win32
		{7551F743-7E4F-4982-9C3F-446D9BCC861E}.Release|x64.ActiveCfg = Release|x64
		{7551F743-7E4F-4982-9C3F-446D9BCC861E}.Release|x64.Build.0 = Release|x64
		{7551F743-7E4F-4982-9C3F-446D9BCC861E}.ReleaseUnitTests|Win32.ActiveCfg = ReleaseUnitTests|Win32
		{7551F743-7E4F-4982-9C3F-446D9BCC861E}.ReleaseUnitTests|Win32.Build.0 = ReleaseUnitTests|Win32
		{7551F743-7E4F-4982-9C3F-446D9BCC861E}.ReleaseUnitTests|x64.ActiveCfg = ReleaseUnitTests|x64
		{7551F743-7E4F-4982-9C3F-446D9BCC861E}.ReleaseUnitTests|x64.Build.0 = ReleaseUnitTests|x64
	EndGlobalSection
	GlobalSection(SolutionProperties) = preSolution
		HideSolutionNode = FALSE
	EndGlobalSection
	GlobalSection(NestedProjects) = preSolution
		{6A9BF7E0-F6BE-4E21-B822-D370ECDD5187} = {485ACD77-35AF-42DB-883D-023A3DBF70E8}
		{B9C6151A-CB5A-4537-B94F-BD91CA91C7FF} = {485ACD77-35AF-42DB-883D-023A3DBF70E8}
		{B3F9762C-2A35-470D-9040-3F3F3EBB0A61} = {485ACD77-35AF-42DB-883D-023A3DBF70E8}
		{05A7E6DF-B959-4014-A522-E68866A9B444} = {25CA6FE7-4686-459F-A12B-6F942070AAFA}
	EndGlobalSection
EndGlobal
